Microsoft Visual Studio Solution File, Format Version 12.00
# Visual Studio 2012
Project("{FAE04EC0-301F-11D3-BF4B-00C04F79EFBC}") = "Gourmandizer", "Gourmandizer.csproj", "{C566DF9D-FA47-4EA9-AC43-B4C92C945818}"
EndProject
Global
	GlobalSection(SolutionConfigurationPlatforms) = preSolution
	Debug|Any CPU = Debug|Any CPU
	ExportDebug|Any CPU = ExportDebug|Any CPU
	ExportRelease|Any CPU = ExportRelease|Any CPU
	EndGlobalSection
	GlobalSection(ProjectConfigurationPlatforms) = postSolution
		{C566DF9D-FA47-4EA9-AC43-B4C92C945818}.Debug|Any CPU.ActiveCfg = Debug|Any CPU
		{C566DF9D-FA47-4EA9-AC43-B4C92C945818}.Debug|Any CPU.Build.0 = Debug|Any CPU
		{C566DF9D-FA47-4EA9-AC43-B4C92C945818}.ExportDebug|Any CPU.ActiveCfg = ExportDebug|Any CPU
		{C566DF9D-FA47-4EA9-AC43-B4C92C945818}.ExportDebug|Any CPU.Build.0 = ExportDebug|Any CPU
		{C566DF9D-FA47-4EA9-AC43-B4C92C945818}.ExportRelease|Any CPU.ActiveCfg = ExportRelease|Any CPU
		{C566DF9D-FA47-4EA9-AC43-B4C92C945818}.ExportRelease|Any CPU.Build.0 = ExportRelease|Any CPU
	EndGlobalSection
EndGlobal
